
Microsoft Visual Studio Solution File, Format Version 12.00
# Visual Studio Version 16
VisualStudioVersion = 16.0.30114.105
MinimumVisualStudioVersion = 10.0.40219.1
Project("{FAE04EC0-301F-11D3-BF4B-00C04F79EFBC}") = "KochSnowflake", "WindowsFormsApp1\KochSnowflake.csproj", "{784B5B76-CB0F-4C4F-80B2-46DD6602CEC3}"
EndProject
Global
	GlobalSection(SolutionConfigurationPlatforms) = preSolution
		Debug|Any CPU = Debug|Any CPU
		Release|Any CPU = Release|Any CPU
	EndGlobalSection
	GlobalSection(ProjectConfigurationPlatforms) = postSolution
		{784B5B76-CB0F-4C4F-80B2-46DD6602CEC3}.Debug|Any CPU.ActiveCfg = Debug|Any CPU
		{784B5B76-CB0F-4C4F-80B2-46DD6602CEC3}.Debug|Any CPU.Build.0 = Debug|Any CPU
		{784B5B76-CB0F-4C4F-80B2-46DD6602CEC3}.Release|Any CPU.ActiveCfg = Release|Any CPU
		{784B5B76-CB0F-4C4F-80B2-46DD6602CEC3}.Release|Any CPU.Build.0 = Release|Any CPU
	EndGlobalSection
	GlobalSection(SolutionProperties) = preSolution
		HideSolutionNode = FALSE
	EndGlobalSection
	GlobalSection(ExtensibilityGlobals) = postSolution
		SolutionGuid = {7BBE33AF-347B-4FB3-9F70-5094DEA8731C}
	EndGlobalSection
EndGlobal
